
Microsoft Visual Studio Solution File, Format Version 12.00
# Visual Studio Version 16
VisualStudioVersion = 16.0.30804.86
MinimumVisualStudioVersion = 10.0.40219.1
Project("{F184B08F-C81C-45F6-A57F-5ABD9991F28F}") = "KartRiderPatchDownloader", "KartRiderPatchDownloader\KartRiderPatchDownloader.vbproj", "{3CFE98AE-0C0E-48C4-88CF-BA947AD9CDC0}"
EndProject
Global
	GlobalSection(SolutionConfigurationPlatforms) = preSolution
		Debug|Any CPU = Debug|Any CPU
		Release|Any CPU = Release|Any CPU
	EndGlobalSection
	GlobalSection(ProjectConfigurationPlatforms) = postSolution
		{3CFE98AE-0C0E-48C4-88CF-BA947AD9CDC0}.Debug|Any CPU.ActiveCfg = Debug|Any CPU
		{3CFE98AE-0C0E-48C4-88CF-BA947AD9CDC0}.Debug|Any CPU.Build.0 = Debug|Any CPU
		{3CFE98AE-0C0E-48C4-88CF-BA947AD9CDC0}.Release|Any CPU.ActiveCfg = Release|Any CPU
		{3CFE98AE-0C0E-48C4-88CF-BA947AD9CDC0}.Release|Any CPU.Build.0 = Release|Any CPU
	EndGlobalSection
	GlobalSection(SolutionProperties) = preSolution
		HideSolutionNode = FALSE
	EndGlobalSection
	GlobalSection(ExtensibilityGlobals) = postSolution
		SolutionGuid = {E04C18D7-821F-461B-959A-E0EE49682710}
	EndGlobalSection
EndGlobal
